Microsoft Visual Studio Solution File, Format Version 12.00
# Visual Studio Version 17
VisualStudioVersion = 17.5.2.0
MinimumVisualStudioVersion = 10.0.40219.1
Project("{FAE04EC0-301F-11D3-BF4B-00C04F79EFBC}") = "VendasService", "VendasService.csproj", "{1D7CF890-98EE-1032-B0EE-7B7A0443FD0A}"
EndProject
Global
	GlobalSection(SolutionConfigurationPlatforms) = preSolution
		Debug|Any CPU = Debug|Any CPU
		Release|Any CPU = Release|Any CPU
	EndGlobalSection
	GlobalSection(ProjectConfigurationPlatforms) = postSolution
		{1D7CF890-98EE-1032-B0EE-7B7A0443FD0A}.Debug|Any CPU.ActiveCfg = Debug|Any CPU
		{1D7CF890-98EE-1032-B0EE-7B7A0443FD0A}.Debug|Any CPU.Build.0 = Debug|Any CPU
		{1D7CF890-98EE-1032-B0EE-7B7A0443FD0A}.Release|Any CPU.ActiveCfg = Release|Any CPU
		{1D7CF890-98EE-1032-B0EE-7B7A0443FD0A}.Release|Any CPU.Build.0 = Release|Any CPU
	EndGlobalSection
	GlobalSection(SolutionProperties) = preSolution
		HideSolutionNode = FALSE
	EndGlobalSection
	GlobalSection(ExtensibilityGlobals) = postSolution
		SolutionGuid = {14ED6E85-9D5C-47E8-871A-9CEA54714F82}
	EndGlobalSection
EndGlobal
